
Microsoft Visual Studio Solution File, Format Version 12.00
# Visual Studio Version 17
VisualStudioVersion = 17.11.35327.3
MinimumVisualStudioVersion = 10.0.40219.1
Project("{FAE04EC0-301F-11D3-BF4B-00C04F79EFBC}") = "DotNetBatch14KKK.ConsoleApp", "DotNetBatch14KKK.ConsoleApp\DotNetBatch14KKK.ConsoleApp.csproj", "{5887C932-3BDF-483E-B9F0-30465D898BAB}"
EndProject
Project("{FAE04EC0-301F-11D3-BF4B-00C04F79EFBC}") = "DotNetBatch14KKKConsoleApp2", "ConsoleApp2\DotNetBatch14KKKConsoleApp2.csproj", "{80BF780F-9C71-48E1-BCB9-5031AE6D0E4F}"
EndProject
Project("{FAE04EC0-301F-11D3-BF4B-00C04F79EFBC}") = "DotNetBatch14KKKConsoleApp3", "ConsoleApp3\DotNetBatch14KKKConsoleApp3.csproj", "{5904BE6C-02BB-4408-BD24-5648258F657E}"
EndProject
Project("{FAE04EC0-301F-11D3-BF4B-00C04F79EFBC}") = "DotNetBatch14KKKConsoleApp4", "ConsoleApp4\DotNetBatch14KKKConsoleApp4.csproj", "{2D9BC311-F35C-494A-B685-22A589536200}"
EndProject
Project("{FAE04EC0-301F-11D3-BF4B-00C04F79EFBC}") = "DotNetBatch14KKK.RestApi", "DotNetBatch14KKK.RestApi\DotNetBatch14KKK.RestApi.csproj", "{ABAD9CD0-46F5-419B-B8EC-E45925D40460}"
EndProject
Project("{FAE04EC0-301F-11D3-BF4B-00C04F79EFBC}") = "DotNetBatch14KKK.RestApi1", "DotNetBatch14KKK.RestApi1\DotNetBatch14KKK.RestApi1.csproj", "{8995DC4C-17C2-4EDF-8459-DACF921D0AF7}"
EndProject
Project("{FAE04EC0-301F-11D3-BF4B-00C04F79EFBC}") = "DotNetBatch14KKK.RestApi2", "DotNetBatch14KKK.RestApi2\DotNetBatch14KKK.RestApi2.csproj", "{A6A3BC68-2447-4710-97AA-B32CFECE01EA}"
EndProject
Project("{FAE04EC0-301F-11D3-BF4B-00C04F79EFBC}") = "DotNetBatch14KKK.RestApi3", "DotNetBatch14KKK.RestApi3\DotNetBatch14KKK.RestApi3.csproj", "{77BF8353-8B97-4149-9016-C239680DA507}"
EndProject
Project("{FAE04EC0-301F-11D3-BF4B-00C04F79EFBC}") = "DotNetBatch14KKK.RestApi4", "DotNetBatch14KKK.RestApi4\DotNetBatch14KKK.RestApi4.csproj", "{855DE780-6E99-49F6-8190-3D6990178C6C}"
EndProject
Project("{FAE04EC0-301F-11D3-BF4B-00C04F79EFBC}") = "DotNetBatch14KKK.RestApi5", "DotNetBatch14KKK.RestApi5\DotNetBatch14KKK.RestApi5.csproj", "{D9CE07AB-56BC-4C2A-8F5D-5A5B65D6C223}"
EndProject
Global
	GlobalSection(SolutionConfigurationPlatforms) = preSolution
		Debug|Any CPU = Debug|Any CPU
		Release|Any CPU = Release|Any CPU
	EndGlobalSection
	GlobalSection(ProjectConfigurationPlatforms) = postSolution
		{5887C932-3BDF-483E-B9F0-30465D898BAB}.Debug|Any CPU.ActiveCfg = Debug|Any CPU
		{5887C932-3BDF-483E-B9F0-30465D898BAB}.Debug|Any CPU.Build.0 = Debug|Any CPU
		{5887C932-3BDF-483E-B9F0-30465D898BAB}.Release|Any CPU.ActiveCfg = Release|Any CPU
		{5887C932-3BDF-483E-B9F0-30465D898BAB}.Release|Any CPU.Build.0 = Release|Any CPU
		{80BF780F-9C71-48E1-BCB9-5031AE6D0E4F}.Debug|Any CPU.ActiveCfg = Debug|Any CPU
		{80BF780F-9C71-48E1-BCB9-5031AE6D0E4F}.Debug|Any CPU.Build.0 = Debug|Any CPU
		{80BF780F-9C71-48E1-BCB9-5031AE6D0E4F}.Release|Any CPU.ActiveCfg = Release|Any CPU
		{80BF780F-9C71-48E1-BCB9-5031AE6D0E4F}.Release|Any CPU.Build.0 = Release|Any CPU
		{5904BE6C-02BB-4408-BD24-5648258F657E}.Debug|Any CPU.ActiveCfg = Debug|Any CPU
		{5904BE6C-02BB-4408-BD24-5648258F657E}.Debug|Any CPU.Build.0 = Debug|Any CPU
		{5904BE6C-02BB-4408-BD24-5648258F657E}.Release|Any CPU.ActiveCfg = Release|Any CPU
		{5904BE6C-02BB-4408-BD24-5648258F657E}.Release|Any CPU.Build.0 = Release|Any CPU
		{2D9BC311-F35C-494A-B685-22A589536200}.Debug|Any CPU.ActiveCfg = Debug|Any CPU
		{2D9BC311-F35C-494A-B685-22A589536200}.Debug|Any CPU.Build.0 = Debug|Any CPU
		{2D9BC311-F35C-494A-B685-22A589536200}.Release|Any CPU.ActiveCfg = Release|Any CPU
		{2D9BC311-F35C-494A-B685-22A589536200}.Release|Any CPU.Build.0 = Release|Any CPU
		{ABAD9CD0-46F5-419B-B8EC-E45925D40460}.Debug|Any CPU.ActiveCfg = Debug|Any CPU
		{ABAD9CD0-46F5-419B-B8EC-E45925D40460}.Debug|Any CPU.Build.0 = Debug|Any CPU
		{ABAD9CD0-46F5-419B-B8EC-E45925D40460}.Release|Any CPU.ActiveCfg = Release|Any CPU
		{ABAD9CD0-46F5-419B-B8EC-E45925D40460}.Release|Any CPU.Build.0 = Release|Any CPU
		{8995DC4C-17C2-4EDF-8459-DACF921D0AF7}.Debug|Any CPU.ActiveCfg = Debug|Any CPU
		{8995DC4C-17C2-4EDF-8459-DACF921D0AF7}.Debug|Any CPU.Build.0 = Debug|Any CPU
		{8995DC4C-17C2-4EDF-8459-DACF921D0AF7}.Release|Any CPU.ActiveCfg = Release|Any CPU
		{8995DC4C-17C2-4EDF-8459-DACF921D0AF7}.Release|Any CPU.Build.0 = Release|Any CPU
		{A6A3BC68-2447-4710-97AA-B32CFECE01EA}.Debug|Any CPU.ActiveCfg = Debug|Any CPU
		{A6A3BC68-2447-4710-97AA-B32CFECE01EA}.Debug|Any CPU.Build.0 = Debug|Any CPU
		{A6A3BC68-2447-4710-97AA-B32CFECE01EA}.Release|Any CPU.ActiveCfg = Release|Any CPU
		{A6A3BC68-2447-4710-97AA-B32CFECE01EA}.Release|Any CPU.Build.0 = Release|Any CPU
		{77BF8353-8B97-4149-9016-C239680DA507}.Debug|Any CPU.ActiveCfg = Debug|Any CPU
		{77BF8353-8B97-4149-9016-C239680DA507}.Debug|Any CPU.Build.0 = Debug|Any CPU
		{77BF8353-8B97-4149-9016-C239680DA507}.Release|Any CPU.ActiveCfg = Release|Any CPU
		{77BF8353-8B97-4149-9016-C239680DA507}.Release|Any CPU.Build.0 = Release|Any CPU
		{855DE780-6E99-49F6-8190-3D6990178C6C}.Debug|Any CPU.ActiveCfg = Debug|Any CPU
		{855DE780-6E99-49F6-8190-3D6990178C6C}.Debug|Any CPU.Build.0 = Debug|Any CPU
		{855DE780-6E99-49F6-8190-3D6990178C6C}.Release|Any CPU.ActiveCfg = Release|Any CPU
		{855DE780-6E99-49F6-8190-3D6990178C6C}.Release|Any CPU.Build.0 = Release|Any CPU
		{D9CE07AB-56BC-4C2A-8F5D-5A5B65D6C223}.Debug|Any CPU.ActiveCfg = Debug|Any CPU
		{D9CE07AB-56BC-4C2A-8F5D-5A5B65D6C223}.Debug|Any CPU.Build.0 = Debug|Any CPU
		{D9CE07AB-56BC-4C2A-8F5D-5A5B65D6C223}.Release|Any CPU.ActiveCfg = Release|Any CPU
		{D9CE07AB-56BC-4C2A-8F5D-5A5B65D6C223}.Release|Any CPU.Build.0 = Release|Any CPU
	EndGlobalSection
	GlobalSection(SolutionProperties) = preSolution
		HideSolutionNode = FALSE
	EndGlobalSection
	GlobalSection(ExtensibilityGlobals) = postSolution
		SolutionGuid = {C4DCD1DE-7A62-4011-BF36-DB14BC8B96C3}
	EndGlobalSection
EndGlobal
